// !$*UTF8*$!
{
	archiveVersion = 1;
	classes = {
	};
	objectVersion = 56;
	objects = {

/* Begin PBXBuildFile section */
		000000000000000000000101 /* IOSSimOnDeviceDVTPOCApp.swift in Sources */ = {isa = PBXBuildFile; fileRef = 000000000000000000000201 /* IOSSimOnDeviceDVTPOCApp.swift */; };
		000000000000000000000102 /* ContentView.swift in Sources */ = {isa = PBXBuildFile; fileRef = 000000000000000000000202 /* ContentView.swift */; };
		000000000000000000000103 /* POCViewModel.swift in Sources */ = {isa = PBXBuildFile; fileRef = 000000000000000000000203 /* POCViewModel.swift */; };
		000000000000000000000104 /* CoreLocationVerifier.swift in Sources */ = {isa = PBXBuildFile; fileRef = 000000000000000000000204 /* CoreLocationVerifier.swift */; };
		000000000000000000000105 /* DeveloperRouteProbe.swift in Sources */ = {isa = PBXBuildFile; fileRef = 000000000000000000000205 /* DeveloperRouteProbe.swift */; };
		000000000000000000000106 /* DiagnosticModels.swift in Sources */ = {isa = PBXBuildFile; fileRef = 000000000000000000000206 /* DiagnosticModels.swift */; };
		000000000000000000000107 /* DvtLocationClient.swift in Sources */ = {isa = PBXBuildFile; fileRef = 000000000000000000000207 /* DvtLocationClient.swift */; };
		000000000000000000000108 /* ExperimentRunner.swift in Sources */ = {isa = PBXBuildFile; fileRef = 000000000000000000000208 /* ExperimentRunner.swift */; };
		000000000000000000000109 /* PairingStore.swift in Sources */ = {isa = PBXBuildFile; fileRef = 000000000000000000000209 /* PairingStore.swift */; };
		000000000000000000000110 /* RPPairingValidator.swift in Sources */ = {isa = PBXBuildFile; fileRef = 000000000000000000000210 /* RPPairingValidator.swift */; };
		000000000000000000000111 /* SessionDiagnosticRecorder.swift in Sources */ = {isa = PBXBuildFile; fileRef = 000000000000000000000213 /* SessionDiagnosticRecorder.swift */; };
		000000000000000000000112 /* BackgroundSessionKeeper.swift in Sources */ = {isa = PBXBuildFile; fileRef = 000000000000000000000214 /* BackgroundSessionKeeper.swift */; };
		000000000000000000000113 /* RouteResampler.swift in Sources */ = {isa = PBXBuildFile; fileRef = 000000000000000000000216 /* RouteResampler.swift */; };
		000000000000000000000114 /* DriveTiming.swift in Sources */ = {isa = PBXBuildFile; fileRef = 000000000000000000000217 /* DriveTiming.swift */; };
		000000000000000000000115 /* DriveSessionController.swift in Sources */ = {isa = PBXBuildFile; fileRef = 000000000000000000000218 /* DriveSessionController.swift */; };
		000000000000000000000116 /* LocationCoordinator.swift in Sources */ = {isa = PBXBuildFile; fileRef = 000000000000000000000219 /* LocationCoordinator.swift */; };
		000000000000000000000117 /* DriveDiagnostics.swift in Sources */ = {isa = PBXBuildFile; fileRef = 000000000000000000000220 /* DriveDiagnostics.swift */; };
		000000000000000000000118 /* DriveScheduler.swift in Sources */ = {isa = PBXBuildFile; fileRef = 000000000000000000000226 /* DriveScheduler.swift */; };
		000000000000000000000119 /* MapKitRouteProvider.swift in Sources */ = {isa = PBXBuildFile; fileRef = 000000000000000000000227 /* MapKitRouteProvider.swift */; };
		000000000000000000000120 /* BackgroundManager.swift in Sources */ = {isa = PBXBuildFile; fileRef = 000000000000000000000228 /* BackgroundManager.swift */; };
		000000000000000000000126 /* DriveView.swift in Sources */ = {isa = PBXBuildFile; fileRef = 000000000000000000000229 /* DriveView.swift */; };
		000000000000000000000128 /* DriveTraceModels.swift in Sources */ = {isa = PBXBuildFile; fileRef = 000000000000000000000232 /* DriveTraceModels.swift */; };
		000000000000000000000121 /* Vendor/idevice/lib/libidevice_ffi.a in Frameworks */ = {isa = PBXBuildFile; fileRef = 000000000000000000000221 /* Vendor/idevice/lib/libidevice_ffi.a */; };
		000000000000000000000122 /* CoreLocation.framework in Frameworks */ = {isa = PBXBuildFile; fileRef = 000000000000000000000222 /* CoreLocation.framework */; };
		000000000000000000000123 /* Network.framework in Frameworks */ = {isa = PBXBuildFile; fileRef = 000000000000000000000223 /* Network.framework */; };
		000000000000000000000124 /* Security.framework in Frameworks */ = {isa = PBXBuildFile; fileRef = 000000000000000000000224 /* Security.framework */; };
		000000000000000000000125 /* UniformTypeIdentifiers.framework in Frameworks */ = {isa = PBXBuildFile; fileRef = 000000000000000000000225 /* UniformTypeIdentifiers.framework */; };
		000000000000000000000127 /* MapKit.framework in Frameworks */ = {isa = PBXBuildFile; fileRef = 000000000000000000000230 /* MapKit.framework */; };
		BC1FCFA3059F620F336001C2 /* SavedPlace.swift in Sources */ = {isa = PBXBuildFile; fileRef = 365421394EB69E9120D4FE53 /* SavedPlace.swift */; };
		D8F78CC97C607936B5439E28 /* RootTabView.swift in Sources */ = {isa = PBXBuildFile; fileRef = 2DF861DC237C3506E2C7ED42 /* RootTabView.swift */; };
		7BEDE8ACBDF9F7AC49320B34 /* SettingsView.swift in Sources */ = {isa = PBXBuildFile; fileRef = 47F84B93B0D84339A83F4B02 /* SettingsView.swift */; };
		AC0AAE41E5C719FBE67F0940 /* SetupView.swift in Sources */ = {isa = PBXBuildFile; fileRef = CDC1D55166F0E50366694880 /* SetupView.swift */; };
		0E3643F93905AE50BE248231 /* ConnectionStatusModel.swift in Sources */ = {isa = PBXBuildFile; fileRef = B0006690495AEE81A254EFD7 /* ConnectionStatusModel.swift */; };
		E9E6454CE8002901F90D6FD3 /* PlaceSearchService.swift in Sources */ = {isa = PBXBuildFile; fileRef = 5D4E71D927C27AD593CB41C7 /* PlaceSearchService.swift */; };
		9754F220443790305C55A5CA /* FavoritesStore.swift in Sources */ = {isa = PBXBuildFile; fileRef = 4DCFD2F132F827C99E88CE89 /* FavoritesStore.swift */; };
		953AA68F0F012F5BDB5AA463 /* CurrentLocationProvider.swift in Sources */ = {isa = PBXBuildFile; fileRef = 1790C54039BB3D2136B4A505 /* CurrentLocationProvider.swift */; };
		D9E578F3220C5FB24267973B /* AppRouter.swift in Sources */ = {isa = PBXBuildFile; fileRef = C89517A440030DAFEBB5471B /* AppRouter.swift */; };
		03B7DC904F6AD8FD54D374C9 /* PlaceSearchField.swift in Sources */ = {isa = PBXBuildFile; fileRef = 4F58F318BDD880C68AF7550D /* PlaceSearchField.swift */; };
		46ABE8EED5FFC5F6BEE980ED /* LocationViewModel.swift in Sources */ = {isa = PBXBuildFile; fileRef = 19BFB795505D7AB0887C0655 /* LocationViewModel.swift */; };
		07CF5BFABEEA4E943B495011 /* LocationView.swift in Sources */ = {isa = PBXBuildFile; fileRef = 3E7D123C7FD0A02ECE0BEA7A /* LocationView.swift */; };
		26F81AE7250CAE7FE047317A /* LocationMapView.swift in Sources */ = {isa = PBXBuildFile; fileRef = D8473EA93220565D7EA261DD /* LocationMapView.swift */; };
		FE1E484C8CAE3A63496825B2 /* LocationSelectionSheet.swift in Sources */ = {isa = PBXBuildFile; fileRef = 9E735C94A7AB4F990C5E89C0 /* LocationSelectionSheet.swift */; };
		7DEAFEF5B08C5CB699343E19 /* SavedPlacesSheet.swift in Sources */ = {isa = PBXBuildFile; fileRef = 9B142C3568B149FF997FEB15 /* SavedPlacesSheet.swift */; };
/* End PBXBuildFile section */

/* Begin PBXFileReference section */
		000000000000000000000201 /* IOSSimOnDeviceDVTPOCApp.swift */ = {isa = PBXFileReference; lastKnownFileType = sourcecode.swift; path = IOSSimOnDeviceDVTPOCApp.swift; sourceTree = "<group>"; };
		000000000000000000000202 /* ContentView.swift */ = {isa = PBXFileReference; lastKnownFileType = sourcecode.swift; path = ContentView.swift; sourceTree = "<group>"; };
		000000000000000000000203 /* POCViewModel.swift */ = {isa = PBXFileReference; lastKnownFileType = sourcecode.swift; path = POCViewModel.swift; sourceTree = "<group>"; };
		000000000000000000000215 /* Info.plist */ = {isa = PBXFileReference; lastKnownFileType = text.plist.xml; path = Info.plist; sourceTree = "<group>"; };
		000000000000000000000229 /* DriveView.swift */ = {isa = PBXFileReference; lastKnownFileType = sourcecode.swift; path = DriveView.swift; sourceTree = "<group>"; };
		000000000000000000000204 /* CoreLocationVerifier.swift */ = {isa = PBXFileReference; lastKnownFileType = sourcecode.swift; path = CoreLocationVerifier.swift; sourceTree = "<group>"; };
		000000000000000000000205 /* DeveloperRouteProbe.swift */ = {isa = PBXFileReference; lastKnownFileType = sourcecode.swift; path = DeveloperRouteProbe.swift; sourceTree = "<group>"; };
		000000000000000000000206 /* DiagnosticModels.swift */ = {isa = PBXFileReference; lastKnownFileType = sourcecode.swift; path = DiagnosticModels.swift; sourceTree = "<group>"; };
		000000000000000000000207 /* DvtLocationClient.swift */ = {isa = PBXFileReference; lastKnownFileType = sourcecode.swift; path = DvtLocationClient.swift; sourceTree = "<group>"; };
		000000000000000000000208 /* ExperimentRunner.swift */ = {isa = PBXFileReference; lastKnownFileType = sourcecode.swift; path = ExperimentRunner.swift; sourceTree = "<group>"; };
		000000000000000000000209 /* PairingStore.swift */ = {isa = PBXFileReference; lastKnownFileType = sourcecode.swift; path = PairingStore.swift; sourceTree = "<group>"; };
		000000000000000000000210 /* RPPairingValidator.swift */ = {isa = PBXFileReference; lastKnownFileType = sourcecode.swift; path = RPPairingValidator.swift; sourceTree = "<group>"; };
		000000000000000000000211 /* module.modulemap */ = {isa = PBXFileReference; lastKnownFileType = "sourcecode.module-map"; path = module.modulemap; sourceTree = "<group>"; };
		000000000000000000000212 /* idevice_minimal.h */ = {isa = PBXFileReference; lastKnownFileType = sourcecode.c.h; path = idevice_minimal.h; sourceTree = "<group>"; };
		000000000000000000000213 /* SessionDiagnosticRecorder.swift */ = {isa = PBXFileReference; lastKnownFileType = sourcecode.swift; path = SessionDiagnosticRecorder.swift; sourceTree = "<group>"; };
		000000000000000000000214 /* BackgroundSessionKeeper.swift */ = {isa = PBXFileReference; lastKnownFileType = sourcecode.swift; path = BackgroundSessionKeeper.swift; sourceTree = "<group>"; };
		000000000000000000000216 /* RouteResampler.swift */ = {isa = PBXFileReference; lastKnownFileType = sourcecode.swift; path = RouteResampler.swift; sourceTree = "<group>"; };
		000000000000000000000217 /* DriveTiming.swift */ = {isa = PBXFileReference; lastKnownFileType = sourcecode.swift; path = DriveTiming.swift; sourceTree = "<group>"; };
		000000000000000000000218 /* DriveSessionController.swift */ = {isa = PBXFileReference; lastKnownFileType = sourcecode.swift; path = DriveSessionController.swift; sourceTree = "<group>"; };
		000000000000000000000219 /* LocationCoordinator.swift */ = {isa = PBXFileReference; lastKnownFileType = sourcecode.swift; path = LocationCoordinator.swift; sourceTree = "<group>"; };
		000000000000000000000220 /* DriveDiagnostics.swift */ = {isa = PBXFileReference; lastKnownFileType = sourcecode.swift; path = DriveDiagnostics.swift; sourceTree = "<group>"; };
		000000000000000000000232 /* DriveTraceModels.swift */ = {isa = PBXFileReference; lastKnownFileType = sourcecode.swift; path = DriveTraceModels.swift; sourceTree = "<group>"; };
		000000000000000000000226 /* DriveScheduler.swift */ = {isa = PBXFileReference; lastKnownFileType = sourcecode.swift; path = DriveScheduler.swift; sourceTree = "<group>"; };
		000000000000000000000227 /* MapKitRouteProvider.swift */ = {isa = PBXFileReference; lastKnownFileType = sourcecode.swift; path = MapKitRouteProvider.swift; sourceTree = "<group>"; };
		000000000000000000000228 /* BackgroundManager.swift */ = {isa = PBXFileReference; lastKnownFileType = sourcecode.swift; path = BackgroundManager.swift; sourceTree = "<group>"; };
		000000000000000000000221 /* Vendor/idevice/lib/libidevice_ffi.a */ = {isa = PBXFileReference; lastKnownFileType = archive.ar; path = Vendor/idevice/lib/libidevice_ffi.a; sourceTree = "<group>"; };
		000000000000000000000222 /* CoreLocation.framework */ = {isa = PBXFileReference; lastKnownFileType = wrapper.framework; name = CoreLocation.framework; path = System/Library/Frameworks/CoreLocation.framework; sourceTree = SDKROOT; };
		000000000000000000000223 /* Network.framework */ = {isa = PBXFileReference; lastKnownFileType = wrapper.framework; name = Network.framework; path = System/Library/Frameworks/Network.framework; sourceTree = SDKROOT; };
		000000000000000000000224 /* Security.framework */ = {isa = PBXFileReference; lastKnownFileType = wrapper.framework; name = Security.framework; path = System/Library/Frameworks/Security.framework; sourceTree = SDKROOT; };
		000000000000000000000225 /* UniformTypeIdentifiers.framework */ = {isa = PBXFileReference; lastKnownFileType = wrapper.framework; name = UniformTypeIdentifiers.framework; path = System/Library/Frameworks/UniformTypeIdentifiers.framework; sourceTree = SDKROOT; };
		000000000000000000000230 /* MapKit.framework */ = {isa = PBXFileReference; lastKnownFileType = wrapper.framework; name = MapKit.framework; path = System/Library/Frameworks/MapKit.framework; sourceTree = SDKROOT; };
		000000000000000000000231 /* IOSSim DVT POC.app */ = {isa = PBXFileReference; explicitFileType = wrapper.application; includeInIndex = 0; path = "IOSSim DVT POC.app"; sourceTree = BUILT_PRODUCTS_DIR; };
		365421394EB69E9120D4FE53 /* SavedPlace.swift */ = {isa = PBXFileReference; lastKnownFileType = sourcecode.swift; path = SavedPlace.swift; sourceTree = "<group>"; };
		2DF861DC237C3506E2C7ED42 /* RootTabView.swift */ = {isa = PBXFileReference; lastKnownFileType = sourcecode.swift; path = RootTabView.swift; sourceTree = "<group>"; };
		47F84B93B0D84339A83F4B02 /* SettingsView.swift */ = {isa = PBXFileReference; lastKnownFileType = sourcecode.swift; path = SettingsView.swift; sourceTree = "<group>"; };
		CDC1D55166F0E50366694880 /* SetupView.swift */ = {isa = PBXFileReference; lastKnownFileType = sourcecode.swift; path = SetupView.swift; sourceTree = "<group>"; };
		B0006690495AEE81A254EFD7 /* ConnectionStatusModel.swift */ = {isa = PBXFileReference; lastKnownFileType = sourcecode.swift; path = ConnectionStatusModel.swift; sourceTree = "<group>"; };
		5D4E71D927C27AD593CB41C7 /* PlaceSearchService.swift */ = {isa = PBXFileReference; lastKnownFileType = sourcecode.swift; path = PlaceSearchService.swift; sourceTree = "<group>"; };
		4DCFD2F132F827C99E88CE89 /* FavoritesStore.swift */ = {isa = PBXFileReference; lastKnownFileType = sourcecode.swift; path = FavoritesStore.swift; sourceTree = "<group>"; };
		1790C54039BB3D2136B4A505 /* CurrentLocationProvider.swift */ = {isa = PBXFileReference; lastKnownFileType = sourcecode.swift; path = CurrentLocationProvider.swift; sourceTree = "<group>"; };
		C89517A440030DAFEBB5471B /* AppRouter.swift */ = {isa = PBXFileReference; lastKnownFileType = sourcecode.swift; path = AppRouter.swift; sourceTree = "<group>"; };
		4F58F318BDD880C68AF7550D /* PlaceSearchField.swift */ = {isa = PBXFileReference; lastKnownFileType = sourcecode.swift; path = PlaceSearchField.swift; sourceTree = "<group>"; };
		19BFB795505D7AB0887C0655 /* LocationViewModel.swift */ = {isa = PBXFileReference; lastKnownFileType = sourcecode.swift; path = LocationViewModel.swift; sourceTree = "<group>"; };
		3E7D123C7FD0A02ECE0BEA7A /* LocationView.swift */ = {isa = PBXFileReference; lastKnownFileType = sourcecode.swift; path = LocationView.swift; sourceTree = "<group>"; };
		D8473EA93220565D7EA261DD /* LocationMapView.swift */ = {isa = PBXFileReference; lastKnownFileType = sourcecode.swift; path = LocationMapView.swift; sourceTree = "<group>"; };
		9E735C94A7AB4F990C5E89C0 /* LocationSelectionSheet.swift */ = {isa = PBXFileReference; lastKnownFileType = sourcecode.swift; path = LocationSelectionSheet.swift; sourceTree = "<group>"; };
		9B142C3568B149FF997FEB15 /* SavedPlacesSheet.swift */ = {isa = PBXFileReference; lastKnownFileType = sourcecode.swift; path = SavedPlacesSheet.swift; sourceTree = "<group>"; };
/* End PBXFileReference section */

/* Begin PBXFrameworksBuildPhase section */
		000000000000000000000301 /* Frameworks */ = {
			isa = PBXFrameworksBuildPhase;
			buildActionMask = 2147483647;
			files = (
				000000000000000000000121 /* Vendor/idevice/lib/libidevice_ffi.a in Frameworks */,
				000000000000000000000122 /* CoreLocation.framework in Frameworks */,
				000000000000000000000123 /* Network.framework in Frameworks */,
				000000000000000000000124 /* Security.framework in Frameworks */,
				000000000000000000000125 /* UniformTypeIdentifiers.framework in Frameworks */,
				000000000000000000000127 /* MapKit.framework in Frameworks */,
			);
			runOnlyForDeploymentPostprocessing = 0;
		};
/* End PBXFrameworksBuildPhase section */

/* Begin PBXGroup section */
		000000000000000000000401 = {
			isa = PBXGroup;
			children = (
				000000000000000000000402 /* App */,
				000000000000000000000403 /* Sources */,
				000000000000000000000404 /* Vendor */,
				000000000000000000000405 /* Frameworks */,
				000000000000000000000406 /* Products */,
			);
			sourceTree = "<group>";
		};
		000000000000000000000402 /* App */ = {
			isa = PBXGroup;
			children = (
				41AE183E79B6DD2006BB0AAB /* Location */,
				60A8C95B614CD0C1EF289D2A /* Shared */,
				CDC1D55166F0E50366694880 /* SetupView.swift */,
				47F84B93B0D84339A83F4B02 /* SettingsView.swift */,
				2DF861DC237C3506E2C7ED42 /* RootTabView.swift */,
				000000000000000000000201 /* IOSSimOnDeviceDVTPOCApp.swift */,
				000000000000000000000202 /* ContentView.swift */,
				000000000000000000000229 /* DriveView.swift */,
				000000000000000000000203 /* POCViewModel.swift */,
				000000000000000000000215 /* Info.plist */,
			);
			path = App;
			sourceTree = "<group>";
		};
		000000000000000000000403 /* Sources */ = {
			isa = PBXGroup;
			children = (
				000000000000000000000407 /* IOSSimOnDeviceDVTPOC */,
			);
			path = Sources;
			sourceTree = "<group>";
		};
		000000000000000000000404 /* Vendor */ = {
			isa = PBXGroup;
			children = (
				000000000000000000000408 /* idevice */,
			);
			path = Vendor;
			sourceTree = "<group>";
		};
		000000000000000000000405 /* Frameworks */ = {
			isa = PBXGroup;
			children = (
				000000000000000000000222 /* CoreLocation.framework */,
				000000000000000000000223 /* Network.framework */,
				000000000000000000000224 /* Security.framework */,
				000000000000000000000225 /* UniformTypeIdentifiers.framework */,
				000000000000000000000230 /* MapKit.framework */,
			);
			name = Frameworks;
			sourceTree = "<group>";
		};
		000000000000000000000406 /* Products */ = {
			isa = PBXGroup;
			children = (
				000000000000000000000231 /* IOSSim DVT POC.app */,
			);
			name = Products;
			sourceTree = "<group>";
		};
		000000000000000000000407 /* IOSSimOnDeviceDVTPOC */ = {
			isa = PBXGroup;
			children = (
				365421394EB69E9120D4FE53 /* SavedPlace.swift */,
				000000000000000000000204 /* CoreLocationVerifier.swift */,
				000000000000000000000214 /* BackgroundSessionKeeper.swift */,
				000000000000000000000228 /* BackgroundManager.swift */,
				000000000000000000000205 /* DeveloperRouteProbe.swift */,
				000000000000000000000206 /* DiagnosticModels.swift */,
				000000000000000000000220 /* DriveDiagnostics.swift */,
				000000000000000000000226 /* DriveScheduler.swift */,
				000000000000000000000218 /* DriveSessionController.swift */,
				000000000000000000000217 /* DriveTiming.swift */,
				000000000000000000000232 /* DriveTraceModels.swift */,
				000000000000000000000207 /* DvtLocationClient.swift */,
				000000000000000000000208 /* ExperimentRunner.swift */,
				000000000000000000000219 /* LocationCoordinator.swift */,
				000000000000000000000227 /* MapKitRouteProvider.swift */,
				000000000000000000000209 /* PairingStore.swift */,
				000000000000000000000210 /* RPPairingValidator.swift */,
				000000000000000000000216 /* RouteResampler.swift */,
				000000000000000000000213 /* SessionDiagnosticRecorder.swift */,
			);
			path = IOSSimOnDeviceDVTPOC;
			sourceTree = "<group>";
		};
		000000000000000000000408 /* idevice */ = {
			isa = PBXGroup;
			children = (
				000000000000000000000409 /* include */,
				000000000000000000000221 /* Vendor/idevice/lib/libidevice_ffi.a */,
			);
			path = idevice;
			sourceTree = "<group>";
		};
		000000000000000000000409 /* include */ = {
			isa = PBXGroup;
			children = (
				000000000000000000000211 /* module.modulemap */,
				000000000000000000000212 /* idevice_minimal.h */,
			);
			path = include;
			sourceTree = "<group>";
		};
		60A8C95B614CD0C1EF289D2A /* Shared */ = {
			isa = PBXGroup;
			children = (
				4F58F318BDD880C68AF7550D /* PlaceSearchField.swift */,
				C89517A440030DAFEBB5471B /* AppRouter.swift */,
				1790C54039BB3D2136B4A505 /* CurrentLocationProvider.swift */,
				4DCFD2F132F827C99E88CE89 /* FavoritesStore.swift */,
				5D4E71D927C27AD593CB41C7 /* PlaceSearchService.swift */,
				B0006690495AEE81A254EFD7 /* ConnectionStatusModel.swift */,
			);
			path = Shared;
			sourceTree = "<group>";
		};
		41AE183E79B6DD2006BB0AAB /* Location */ = {
			isa = PBXGroup;
			children = (
				9B142C3568B149FF997FEB15 /* SavedPlacesSheet.swift */,
				9E735C94A7AB4F990C5E89C0 /* LocationSelectionSheet.swift */,
				D8473EA93220565D7EA261DD /* LocationMapView.swift */,
				3E7D123C7FD0A02ECE0BEA7A /* LocationView.swift */,
				19BFB795505D7AB0887C0655 /* LocationViewModel.swift */,
			);
			path = Location;
			sourceTree = "<group>";
		};
/* End PBXGroup section */

/* Begin PBXNativeTarget section */
		000000000000000000000501 /* IOSSimOnDevicePOC */ = {
			isa = PBXNativeTarget;
			buildConfigurationList = 000000000000000000000701 /* Build configuration list for PBXNativeTarget "IOSSimOnDevicePOC" */;
			buildPhases = (
				000000000000000000000601 /* Sources */,
				000000000000000000000301 /* Frameworks */,
				000000000000000000000602 /* Resources */,
			);
			buildRules = (
			);
			dependencies = (
			);
			name = IOSSimOnDevicePOC;
			productName = "IOSSim DVT POC";
			productReference = 000000000000000000000231 /* IOSSim DVT POC.app */;
			productType = "com.apple.product-type.application";
		};
/* End PBXNativeTarget section */

/* Begin PBXProject section */
		000000000000000000000001 /* Project object */ = {
			isa = PBXProject;
			attributes = {
				BuildIndependentTargetsInParallel = 1;
				LastSwiftUpdateCheck = 2660;
				LastUpgradeCheck = 2660;
				TargetAttributes = {
					000000000000000000000501 = {
						CreatedOnToolsVersion = 26.6;
					};
				};
			};
			buildConfigurationList = 000000000000000000000702 /* Build configuration list for PBXProject "IOSSimOnDevicePOC" */;
			compatibilityVersion = "Xcode 14.0";
			developmentRegion = en;
			hasScannedForEncodings = 0;
			knownRegions = (
				en,
				Base,
			);
			mainGroup = 000000000000000000000401;
			productRefGroup = 000000000000000000000406 /* Products */;
			projectDirPath = "";
			projectRoot = "";
			targets = (
				000000000000000000000501 /* IOSSimOnDevicePOC */,
			);
		};
/* End PBXProject section */

/* Begin PBXResourcesBuildPhase section */
		000000000000000000000602 /* Resources */ = {
			isa = PBXResourcesBuildPhase;
			buildActionMask = 2147483647;
			files = (
			);
			runOnlyForDeploymentPostprocessing = 0;
		};
/* End PBXResourcesBuildPhase section */

/* Begin PBXSourcesBuildPhase section */
		000000000000000000000601 /* Sources */ = {
			isa = PBXSourcesBuildPhase;
			buildActionMask = 2147483647;
			files = (
				7DEAFEF5B08C5CB699343E19 /* SavedPlacesSheet.swift in Sources */,
				FE1E484C8CAE3A63496825B2 /* LocationSelectionSheet.swift in Sources */,
				26F81AE7250CAE7FE047317A /* LocationMapView.swift in Sources */,
				07CF5BFABEEA4E943B495011 /* LocationView.swift in Sources */,
				46ABE8EED5FFC5F6BEE980ED /* LocationViewModel.swift in Sources */,
				03B7DC904F6AD8FD54D374C9 /* PlaceSearchField.swift in Sources */,
				D9E578F3220C5FB24267973B /* AppRouter.swift in Sources */,
				953AA68F0F012F5BDB5AA463 /* CurrentLocationProvider.swift in Sources */,
				9754F220443790305C55A5CA /* FavoritesStore.swift in Sources */,
				E9E6454CE8002901F90D6FD3 /* PlaceSearchService.swift in Sources */,
				0E3643F93905AE50BE248231 /* ConnectionStatusModel.swift in Sources */,
				AC0AAE41E5C719FBE67F0940 /* SetupView.swift in Sources */,
				7BEDE8ACBDF9F7AC49320B34 /* SettingsView.swift in Sources */,
				D8F78CC97C607936B5439E28 /* RootTabView.swift in Sources */,
				BC1FCFA3059F620F336001C2 /* SavedPlace.swift in Sources */,
				000000000000000000000101 /* IOSSimOnDeviceDVTPOCApp.swift in Sources */,
				000000000000000000000102 /* ContentView.swift in Sources */,
				000000000000000000000103 /* POCViewModel.swift in Sources */,
				000000000000000000000104 /* CoreLocationVerifier.swift in Sources */,
				000000000000000000000105 /* DeveloperRouteProbe.swift in Sources */,
				000000000000000000000106 /* DiagnosticModels.swift in Sources */,
				000000000000000000000107 /* DvtLocationClient.swift in Sources */,
				000000000000000000000108 /* ExperimentRunner.swift in Sources */,
				000000000000000000000109 /* PairingStore.swift in Sources */,
				000000000000000000000110 /* RPPairingValidator.swift in Sources */,
				000000000000000000000111 /* SessionDiagnosticRecorder.swift in Sources */,
				000000000000000000000112 /* BackgroundSessionKeeper.swift in Sources */,
				000000000000000000000113 /* RouteResampler.swift in Sources */,
				000000000000000000000114 /* DriveTiming.swift in Sources */,
				000000000000000000000115 /* DriveSessionController.swift in Sources */,
				000000000000000000000116 /* LocationCoordinator.swift in Sources */,
				000000000000000000000117 /* DriveDiagnostics.swift in Sources */,
				000000000000000000000118 /* DriveScheduler.swift in Sources */,
				000000000000000000000119 /* MapKitRouteProvider.swift in Sources */,
				000000000000000000000120 /* BackgroundManager.swift in Sources */,
				000000000000000000000126 /* DriveView.swift in Sources */,
				000000000000000000000128 /* DriveTraceModels.swift in Sources */,
			);
			runOnlyForDeploymentPostprocessing = 0;
		};
/* End PBXSourcesBuildPhase section */

/* Begin XCBuildConfiguration section */
		000000000000000000000801 /* Debug */ = {
			isa = XCBuildConfiguration;
			buildSettings = {
				ALWAYS_SEARCH_USER_PATHS = NO;
				CLANG_ENABLE_MODULES = YES;
				CLANG_ENABLE_OBJC_ARC = YES;
				CLANG_ENABLE_OBJC_WEAK = YES;
				CODE_SIGN_STYLE = Automatic;
				CURRENT_PROJECT_VERSION = 1;
				DEVELOPMENT_TEAM = T8SL4SG87F;
				ENABLE_BITCODE = NO;
				GENERATE_INFOPLIST_FILE = NO;
				HEADER_SEARCH_PATHS = (
					"$(inherited)",
					"$(PROJECT_DIR)/Vendor/idevice/include",
				);
				INFOPLIST_FILE = App/Info.plist;
				IPHONEOS_DEPLOYMENT_TARGET = 17.0;
				LD_RUNPATH_SEARCH_PATHS = (
					"$(inherited)",
					"@executable_path/Frameworks",
				);
				LIBRARY_SEARCH_PATHS = (
					"$(inherited)",
					"$(PROJECT_DIR)/Vendor/idevice/lib",
				);
				MARKETING_VERSION = 0.1;
				OTHER_LDFLAGS = (
					"$(inherited)",
					"-lidevice_ffi",
					"-lc++",
					"-lz",
				);
				PRODUCT_BUNDLE_IDENTIFIER = "com.iossim.on-device-dvt-poc";
				PRODUCT_NAME = "IOSSim DVT POC";
				SDKROOT = iphoneos;
				SUPPORTED_PLATFORMS = "iphoneos iphonesimulator";
				SUPPORTS_MACCATALYST = NO;
				SWIFT_ACTIVE_COMPILATION_CONDITIONS = "DEBUG IOS_SIM_IDEVICE_FFI";
				SWIFT_INCLUDE_PATHS = "$(PROJECT_DIR)/Vendor/idevice/include";
				SWIFT_VERSION = 5.0;
				TARGETED_DEVICE_FAMILY = 1;
			};
			name = Debug;
		};
		000000000000000000000802 /* Release */ = {
			isa = XCBuildConfiguration;
			buildSettings = {
				ALWAYS_SEARCH_USER_PATHS = NO;
				CLANG_ENABLE_MODULES = YES;
				CLANG_ENABLE_OBJC_ARC = YES;
				CLANG_ENABLE_OBJC_WEAK = YES;
				CODE_SIGN_STYLE = Automatic;
				CURRENT_PROJECT_VERSION = 1;
				DEVELOPMENT_TEAM = T8SL4SG87F;
				ENABLE_BITCODE = NO;
				GENERATE_INFOPLIST_FILE = NO;
				HEADER_SEARCH_PATHS = (
					"$(inherited)",
					"$(PROJECT_DIR)/Vendor/idevice/include",
				);
				INFOPLIST_FILE = App/Info.plist;
				IPHONEOS_DEPLOYMENT_TARGET = 17.0;
				LD_RUNPATH_SEARCH_PATHS = (
					"$(inherited)",
					"@executable_path/Frameworks",
				);
				LIBRARY_SEARCH_PATHS = (
					"$(inherited)",
					"$(PROJECT_DIR)/Vendor/idevice/lib",
				);
				MARKETING_VERSION = 0.1;
				OTHER_LDFLAGS = (
					"$(inherited)",
					"-lidevice_ffi",
					"-lc++",
					"-lz",
				);
				PRODUCT_BUNDLE_IDENTIFIER = "com.iossim.on-device-dvt-poc";
				PRODUCT_NAME = "IOSSim DVT POC";
				SDKROOT = iphoneos;
				SUPPORTED_PLATFORMS = "iphoneos iphonesimulator";
				SUPPORTS_MACCATALYST = NO;
				SWIFT_ACTIVE_COMPILATION_CONDITIONS = IOS_SIM_IDEVICE_FFI;
				SWIFT_INCLUDE_PATHS = "$(PROJECT_DIR)/Vendor/idevice/include";
				SWIFT_VERSION = 5.0;
				TARGETED_DEVICE_FAMILY = 1;
			};
			name = Release;
		};
		000000000000000000000811 /* Debug */ = {
			isa = XCBuildConfiguration;
			buildSettings = {
				ALWAYS_SEARCH_USER_PATHS = NO;
				CLANG_ENABLE_MODULES = YES;
				COPY_PHASE_STRIP = NO;
				DEBUG_INFORMATION_FORMAT = dwarf;
				ENABLE_STRICT_OBJC_MSGSEND = YES;
				GCC_NO_COMMON_BLOCKS = YES;
				GCC_OPTIMIZATION_LEVEL = 0;
				MTL_ENABLE_DEBUG_INFO = INCLUDE_SOURCE;
				ONLY_ACTIVE_ARCH = YES;
				SWIFT_OPTIMIZATION_LEVEL = "-Onone";
			};
			name = Debug;
		};
		000000000000000000000812 /* Release */ = {
			isa = XCBuildConfiguration;
			buildSettings = {
				ALWAYS_SEARCH_USER_PATHS = NO;
				CLANG_ENABLE_MODULES = YES;
				COPY_PHASE_STRIP = NO;
				ENABLE_NS_ASSERTIONS = NO;
				ENABLE_STRICT_OBJC_MSGSEND = YES;
				GCC_NO_COMMON_BLOCKS = YES;
				MTL_ENABLE_DEBUG_INFO = NO;
				SWIFT_COMPILATION_MODE = wholemodule;
				SWIFT_OPTIMIZATION_LEVEL = "-O";
				VALIDATE_PRODUCT = YES;
			};
			name = Release;
		};
/* End XCBuildConfiguration section */

/* Begin XCConfigurationList section */
		000000000000000000000701 /* Build configuration list for PBXNativeTarget "IOSSimOnDevicePOC" */ = {
			isa = XCConfigurationList;
			buildConfigurations = (
				000000000000000000000801 /* Debug */,
				000000000000000000000802 /* Release */,
			);
			defaultConfigurationIsVisible = 0;
			defaultConfigurationName = Debug;
		};
		000000000000000000000702 /* Build configuration list for PBXProject "IOSSimOnDevicePOC" */ = {
			isa = XCConfigurationList;
			buildConfigurations = (
				000000000000000000000811 /* Debug */,
				000000000000000000000812 /* Release */,
			);
			defaultConfigurationIsVisible = 0;
			defaultConfigurationName = Debug;
		};
/* End XCConfigurationList section */
	};
	rootObject = 000000000000000000000001 /* Project object */;
}
